
Microsoft Visual Studio Solution File, Format Version 12.00
# Visual Studio Version 16
VisualStudioVersion = 25.0.1704.5
MinimumVisualStudioVersion = 10.0.40219.1
Project("{FAE04EC0-301F-11D3-BF4B-00C04F79EFBC}") = "netProgramming", "netProgramming.csproj", "{AA7A95C2-356A-46CF-882B-2D4BC7D3BA8A}"
EndProject
Global
	GlobalSection(SolutionConfigurationPlatforms) = preSolution
		Debug|Any CPU = Debug|Any CPU
		Release|Any CPU = Release|Any CPU
	EndGlobalSection
	GlobalSection(ProjectConfigurationPlatforms) = postSolution
		{AA7A95C2-356A-46CF-882B-2D4BC7D3BA8A}.Debug|Any CPU.ActiveCfg = Debug|Any CPU
		{AA7A95C2-356A-46CF-882B-2D4BC7D3BA8A}.Debug|Any CPU.Build.0 = Debug|Any CPU
		{AA7A95C2-356A-46CF-882B-2D4BC7D3BA8A}.Release|Any CPU.ActiveCfg = Release|Any CPU
		{AA7A95C2-356A-46CF-882B-2D4BC7D3BA8A}.Release|Any CPU.Build.0 = Release|Any CPU
	EndGlobalSection
	GlobalSection(SolutionProperties) = preSolution
		HideSolutionNode = FALSE
	EndGlobalSection
	GlobalSection(ExtensibilityGlobals) = postSolution
		SolutionGuid = {A9164034-C030-411B-912F-FF7BD39E04EC}
	EndGlobalSection
EndGlobal
